
Microsoft Visual Studio Solution File, Format Version 12.00
# Visual Studio Version 17
VisualStudioVersion = 17.12.35521.163 d17.12
MinimumVisualStudioVersion = 10.0.40219.1
Project("{FAE04EC0-301F-11D3-BF4B-00C04F79EFBC}") = "EcomPulse", "EcomPulse\EcomPulse.csproj", "{08F8ABA3-1AF2-4E6D-B7D1-85141B60999C}"
EndProject
Project("{FAE04EC0-301F-11D3-BF4B-00C04F79EFBC}") = "EcomPulse.Repository", "EcomPulse.Repository\EcomPulse.Repository.csproj", "{BC45BFCA-C531-46ED-8C33-0D477133E5BC}"
EndProject
Project("{FAE04EC0-301F-11D3-BF4B-00C04F79EFBC}") = "EcomPulse.Service", "EcomPulse.Service\EcomPulse.Service.csproj", "{0D88DC54-D35C-4958-94CB-AE5F8530511D}"
EndProject
Global
	GlobalSection(SolutionConfigurationPlatforms) = preSolution
		Debug|Any CPU = Debug|Any CPU
		Release|Any CPU = Release|Any CPU
	EndGlobalSection
	GlobalSection(ProjectConfigurationPlatforms) = postSolution
		{08F8ABA3-1AF2-4E6D-B7D1-85141B60999C}.Debug|Any CPU.ActiveCfg = Debug|Any CPU
		{08F8ABA3-1AF2-4E6D-B7D1-85141B60999C}.Debug|Any CPU.Build.0 = Debug|Any CPU
		{08F8ABA3-1AF2-4E6D-B7D1-85141B60999C}.Release|Any CPU.ActiveCfg = Release|Any CPU
		{08F8ABA3-1AF2-4E6D-B7D1-85141B60999C}.Release|Any CPU.Build.0 = Release|Any CPU
		{BC45BFCA-C531-46ED-8C33-0D477133E5BC}.Debug|Any CPU.ActiveCfg = Debug|Any CPU
		{BC45BFCA-C531-46ED-8C33-0D477133E5BC}.Debug|Any CPU.Build.0 = Debug|Any CPU
		{BC45BFCA-C531-46ED-8C33-0D477133E5BC}.Release|Any CPU.ActiveCfg = Release|Any CPU
		{BC45BFCA-C531-46ED-8C33-0D477133E5BC}.Release|Any CPU.Build.0 = Release|Any CPU
		{0D88DC54-D35C-4958-94CB-AE5F8530511D}.Debug|Any CPU.ActiveCfg = Debug|Any CPU
		{0D88DC54-D35C-4958-94CB-AE5F8530511D}.Debug|Any CPU.Build.0 = Debug|Any CPU
		{0D88DC54-D35C-4958-94CB-AE5F8530511D}.Release|Any CPU.ActiveCfg = Release|Any CPU
		{0D88DC54-D35C-4958-94CB-AE5F8530511D}.Release|Any CPU.Build.0 = Release|Any CPU
	EndGlobalSection
	GlobalSection(SolutionProperties) = preSolution
		HideSolutionNode = FALSE
	EndGlobalSection
EndGlobal
